
Microsoft Visual Studio Solution File, Format Version 12.00
# Visual Studio 15
VisualStudioVersion = 15.0.28010.2003
MinimumVisualStudioVersion = 10.0.40219.1
Project("{FAE04EC0-301F-11D3-BF4B-00C04F79EFBC}") = "NewSchoolPortal", "NewSchoolPortal\NewSchoolPortal.csproj", "{0DF7FBA5-F499-4F4C-8DD2-34C2A939A064}"
EndProject
Global
	GlobalSection(SolutionConfigurationPlatforms) = preSolution
		Debug|Any CPU = Debug|Any CPU
		Release|Any CPU = Release|Any CPU
	EndGlobalSection
	GlobalSection(ProjectConfigurationPlatforms) = postSolution
		{0DF7FBA5-F499-4F4C-8DD2-34C2A939A064}.Debug|Any CPU.ActiveCfg = Debug|Any CPU
		{0DF7FBA5-F499-4F4C-8DD2-34C2A939A064}.Debug|Any CPU.Build.0 = Debug|Any CPU
		{0DF7FBA5-F499-4F4C-8DD2-34C2A939A064}.Release|Any CPU.ActiveCfg = Release|Any CPU
		{0DF7FBA5-F499-4F4C-8DD2-34C2A939A064}.Release|Any CPU.Build.0 = Release|Any CPU
	EndGlobalSection
	GlobalSection(SolutionProperties) = preSolution
		HideSolutionNode = FALSE
	EndGlobalSection
	GlobalSection(ExtensibilityGlobals) = postSolution
		SolutionGuid = {CBB60872-ADEE-46E1-B963-8D91D1943878}
	EndGlobalSection
EndGlobal
